[http]
url = "https://github.com/WebAssembly/wasi-http/archive/1185b0a0224bc3e11274ad6298fd065cae472651.tar.gz"
sha256 = "46ae826f1b094abd0dc2897cec784def95af12e5ba78fdb49d03231c29c6d319"
sha512 = "c1f006e5b34656da4f6dbbb72dcc20744d59a34e80d87b1cf4c9c036f38f0c6380c318d6f5151ee1c7b681f51731fc2827c0c1e1ed5e7ee0b34467a53c0da67c"
deps = ["logging", "poll", "random"]

[io]
url = "https://github.com/WebAssembly/wasi-io/archive/e6bcf18ac5e2d2deee5016fc4b6e260fc14d4bdc.tar.gz"
sha256 = "7450142aeb3f1688ee2b12853344e262caf6aee0718dc0296316f7f6b3afd91f"
sha512 = "5cc0f60d190e16d6dd52a4ca2fc862f007465e7642e98061b41c90778e1f2b00aeb2543b6fadbb6a137dd548d86e9e55edcfb30388adcc6a160b4cdc29d378ec"
deps = ["poll"]

[logging]
sha256 = "8c32c7f893c938e0b76cd42e3de97e268dfe8fd0e7525d1f42b7ad10a88b00bb"
sha512 = "e9ce2adf02bb518c179a40b7d7af84bf44b99b2098609a897a114fb5af24946992dd7bd08da02c60d2768963f94414a16165f11343ec053a44b9e586058c812a"

[poll]
sha256 = "9f2e6b5ea1a017575f96a3c415c737fe31513b043d9b47aefeb21f6c27ab8425"
sha512 = "f65965395742a0290fd9e4e55408c2b5ce3a4eae0ee22be1ff012e3db75910110da21c5f0a61083e043b4c510967a0a73ff4491ae9719e9158543f512dbeea5f"

[random]
sha256 = "19d57f2262530016ec2b32991db3d8b6705b3a0bc5a7b6ae8fff3bcef0cf1088"
sha512 = "f9eba7dfd858d1edcaa868ce636f69545323bf010c3b0d4a2a1b23584d8027240c592d13e91882617e70a4dbf290754a8697724b5633147d11fa3db7869a2afe"
